// !$*UTF8*$!
{
	archiveVersion = 1;
	classes = {
	};
	objectVersion = 56;
	objects = {

/* Begin PBXBuildFile section */
		F09763362B345C6600FACECC /* AppDelegate.swift in Sources */ = {isa = PBXBuildFile; fileRef = F09763352B345C6600FACECC /* AppDelegate.swift */; };
		F09763382B345C6600FACECC /* SceneDelegate.swift in Sources */ = {isa = PBXBuildFile; fileRef = F09763372B345C6600FACECC /* SceneDelegate.swift */; };
		F097633A2B345C6600FACECC /* Anasayfa.swift in Sources */ = {isa = PBXBuildFile; fileRef = F09763392B345C6600FACECC /* Anasayfa.swift */; };
		F097633D2B345C6600FACECC /* Main.storyboard in Resources */ = {isa = PBXBuildFile; fileRef = F097633B2B345C6600FACECC /* Main.storyboard */; };
		F097633F2B345C6800FACECC /* Assets.xcassets in Resources */ = {isa = PBXBuildFile; fileRef = F097633E2B345C6800FACECC /* Assets.xcassets */; };
		F09763422B345C6800FACECC /* LaunchScreen.storyboard in Resources */ = {isa = PBXBuildFile; fileRef = F09763402B345C6800FACECC /* LaunchScreen.storyboard */; };
		F097634B2B34644F00FACECC /* BreeSerif-Regular.ttf in Resources */ = {isa = PBXBuildFile; fileRef = F097634A2B34644F00FACECC /* BreeSerif-Regular.ttf */; };
		F09763502B348EB100FACECC /* Urunler.swift in Sources */ = {isa = PBXBuildFile; fileRef = F097634F2B348EB100FACECC /* Urunler.swift */; };
		F09763522B34958900FACECC /* urunlerHucre.swift in Sources */ = {isa = PBXBuildFile; fileRef = F09763512B34958900FACECC /* urunlerHucre.swift */; };
/* End PBXBuildFile section */

/* Begin PBXFileReference section */
		F09763322B345C6600FACECC /* Odev6.app */ = {isa = PBXFileReference; explicitFileType = wrapper.application; includeInIndex = 0; path = Odev6.app; sourceTree = BUILT_PRODUCTS_DIR; };
		F09763352B345C6600FACECC /* AppDelegate.swift */ = {isa = PBXFileReference; lastKnownFileType = sourcecode.swift; path = AppDelegate.swift; sourceTree = "<group>"; };
		F09763372B345C6600FACECC /* SceneDelegate.swift */ = {isa = PBXFileReference; lastKnownFileType = sourcecode.swift; path = SceneDelegate.swift; sourceTree = "<group>"; };
		F09763392B345C6600FACECC /* Anasayfa.swift */ = {isa = PBXFileReference; lastKnownFileType = sourcecode.swift; path = Anasayfa.swift; sourceTree = "<group>"; };
		F097633C2B345C6600FACECC /* Base */ = {isa = PBXFileReference; lastKnownFileType = file.storyboard; name = Base; path = Base.lproj/Main.storyboard; sourceTree = "<group>"; };
		F097633E2B345C6800FACECC /* Assets.xcassets */ = {isa = PBXFileReference; lastKnownFileType = folder.assetcatalog; path = Assets.xcassets; sourceTree = "<group>"; };
		F09763412B345C6800FACECC /* Base */ = {isa = PBXFileReference; lastKnownFileType = file.storyboard; name = Base; path = Base.lproj/LaunchScreen.storyboard; sourceTree = "<group>"; };
		F09763432B345C6800FACECC /* Info.plist */ = {isa = PBXFileReference; lastKnownFileType = text.plist.xml; path = Info.plist; sourceTree = "<group>"; };
		F097634A2B34644F00FACECC /* BreeSerif-Regular.ttf */ = {isa = PBXFileReference; lastKnownFileType = file; path = "BreeSerif-Regular.ttf"; sourceTree = "<group>"; };
		F097634F2B348EB100FACECC /* Urunler.swift */ = {isa = PBXFileReference; lastKnownFileType = sourcecode.swift; path = Urunler.swift; sourceTree = "<group>"; };
		F09763512B34958900FACECC /* urunlerHucre.swift */ = {isa = PBXFileReference; lastKnownFileType = sourcecode.swift; path = urunlerHucre.swift; sourceTree = "<group>"; };
/* End PBXFileReference section */

/* Begin PBXFrameworksBuildPhase section */
		F097632F2B345C6600FACECC /* Frameworks */ = {
			isa = PBXFrameworksBuildPhase;
			buildActionMask = 2147483647;
			files = (
			);
			runOnlyForDeploymentPostprocessing = 0;
		};
/* End PBXFrameworksBuildPhase section */

/* Begin PBXGroup section */
		F09763292B345C6600FACECC = {
			isa = PBXGroup;
			children = (
				F09763342B345C6600FACECC /* Odev6 */,
				F09763332B345C6600FACECC /* Products */,
			);
			sourceTree = "<group>";
		};
		F09763332B345C6600FACECC /* Products */ = {
			isa = PBXGroup;
			children = (
				F09763322B345C6600FACECC /* Odev6.app */,
			);
			name = Products;
			sourceTree = "<group>";
		};
		F09763342B345C6600FACECC /* Odev6 */ = {
			isa = PBXGroup;
			children = (
				F09763352B345C6600FACECC /* AppDelegate.swift */,
				F09763372B345C6600FACECC /* SceneDelegate.swift */,
				F097634E2B348E9700FACECC /* Data */,
				F097634D2B348E8E00FACECC /* UI */,
				F09763492B34643300FACECC /* Fonts */,
				F097633B2B345C6600FACECC /* Main.storyboard */,
				F097633E2B345C6800FACECC /* Assets.xcassets */,
				F09763402B345C6800FACECC /* LaunchScreen.storyboard */,
				F09763432B345C6800FACECC /* Info.plist */,
			);
			path = Odev6;
			sourceTree = "<group>";
		};
		F09763492B34643300FACECC /* Fonts */ = {
			isa = PBXGroup;
			children = (
				F097634A2B34644F00FACECC /* BreeSerif-Regular.ttf */,
			);
			path = Fonts;
			sourceTree = "<group>";
		};
		F097634D2B348E8E00FACECC /* UI */ = {
			isa = PBXGroup;
			children = (
				F09763552B34961500FACECC /* CollectionView */,
				F09763542B34960F00FACECC /* View */,
				F09763392B345C6600FACECC /* Anasayfa.swift */,
			);
			path = UI;
			sourceTree = "<group>";
		};
		F097634E2B348E9700FACECC /* Data */ = {
			isa = PBXGroup;
			children = (
				F09763532B3495DF00FACECC /* Entity */,
			);
			path = Data;
			sourceTree = "<group>";
		};
		F09763532B3495DF00FACECC /* Entity */ = {
			isa = PBXGroup;
			children = (
				F097634F2B348EB100FACECC /* Urunler.swift */,
			);
			path = Entity;
			sourceTree = "<group>";
		};
		F09763542B34960F00FACECC /* View */ = {
			isa = PBXGroup;
			children = (
			);
			path = View;
			sourceTree = "<group>";
		};
		F09763552B34961500FACECC /* CollectionView */ = {
			isa = PBXGroup;
			children = (
				F09763512B34958900FACECC /* urunlerHucre.swift */,
			);
			path = CollectionView;
			sourceTree = "<group>";
		};
/* End PBXGroup section */

/* Begin PBXNativeTarget section */
		F09763312B345C6600FACECC /* Odev6 */ = {
			isa = PBXNativeTarget;
			buildConfigurationList = F09763462B345C6800FACECC /* Build configuration list for PBXNativeTarget "Odev6" */;
			buildPhases = (
				F097632E2B345C6600FACECC /* Sources */,
				F097632F2B345C6600FACECC /* Frameworks */,
				F09763302B345C6600FACECC /* Resources */,
			);
			buildRules = (
			);
			dependencies = (
			);
			name = Odev6;
			productName = Odev6;
			productReference = F09763322B345C6600FACECC /* Odev6.app */;
			productType = "com.apple.product-type.application";
		};
/* End PBXNativeTarget section */

/* Begin PBXProject section */
		F097632A2B345C6600FACECC /* Project object */ = {
			isa = PBXProject;
			attributes = {
				BuildIndependentTargetsInParallel = 1;
				LastSwiftUpdateCheck = 1430;
				LastUpgradeCheck = 1430;
				TargetAttributes = {
					F09763312B345C6600FACECC = {
						CreatedOnToolsVersion = 14.3.1;
					};
				};
			};
			buildConfigurationList = F097632D2B345C6600FACECC /* Build configuration list for PBXProject "Odev6" */;
			compatibilityVersion = "Xcode 14.0";
			developmentRegion = en;
			hasScannedForEncodings = 0;
			knownRegions = (
				en,
				Base,
			);
			mainGroup = F09763292B345C6600FACECC;
			productRefGroup = F09763332B345C6600FACECC /* Products */;
			projectDirPath = "";
			projectRoot = "";
			targets = (
				F09763312B345C6600FACECC /* Odev6 */,
			);
		};
/* End PBXProject section */

/* Begin PBXResourcesBuildPhase section */
		F09763302B345C6600FACECC /* Resources */ = {
			isa = PBXResourcesBuildPhase;
			buildActionMask = 2147483647;
			files = (
				F09763422B345C6800FACECC /* LaunchScreen.storyboard in Resources */,
				F097633F2B345C6800FACECC /* Assets.xcassets in Resources */,
				F097633D2B345C6600FACECC /* Main.storyboard in Resources */,
				F097634B2B34644F00FACECC /* BreeSerif-Regular.ttf in Resources */,
			);
			runOnlyForDeploymentPostprocessing = 0;
		};
/* End PBXResourcesBuildPhase section */

/* Begin PBXSourcesBuildPhase section */
		F097632E2B345C6600FACECC /* Sources */ = {
			isa = PBXSourcesBuildPhase;
			buildActionMask = 2147483647;
			files = (
				F097633A2B345C6600FACECC /* Anasayfa.swift in Sources */,
				F09763522B34958900FACECC /* urunlerHucre.swift in Sources */,
				F09763502B348EB100FACECC /* Urunler.swift in Sources */,
				F09763362B345C6600FACECC /* AppDelegate.swift in Sources */,
				F09763382B345C6600FACECC /* SceneDelegate.swift in Sources */,
			);
			runOnlyForDeploymentPostprocessing = 0;
		};
/* End PBXSourcesBuildPhase section */

/* Begin PBXVariantGroup section */
		F097633B2B345C6600FACECC /* Main.storyboard */ = {
			isa = PBXVariantGroup;
			children = (
				F097633C2B345C6600FACECC /* Base */,
			);
			name = Main.storyboard;
			sourceTree = "<group>";
		};
		F09763402B345C6800FACECC /* LaunchScreen.storyboard */ = {
			isa = PBXVariantGroup;
			children = (
				F09763412B345C6800FACECC /* Base */,
			);
			name = LaunchScreen.storyboard;
			sourceTree = "<group>";
		};
/* End PBXVariantGroup section */

/* Begin XCBuildConfiguration section */
		F09763442B345C6800FACECC /* Debug */ = {
			isa = XCBuildConfiguration;
			buildSettings = {
				ALWAYS_SEARCH_USER_PATHS = NO;
				CLANG_ANALYZER_NONNULL = YES;
				CLANG_ANALYZER_NUMBER_OBJECT_CONVERSION = YES_AGGRESSIVE;
				CLANG_CXX_LANGUAGE_STANDARD = "gnu++20";
				CLANG_ENABLE_MODULES = YES;
				CLANG_ENABLE_OBJC_ARC = YES;
				CLANG_ENABLE_OBJC_WEAK = YES;
				CLANG_WARN_BLOCK_CAPTURE_AUTORELEASING = YES;
				CLANG_WARN_BOOL_CONVERSION = YES;
				CLANG_WARN_COMMA = YES;
				CLANG_WARN_CONSTANT_CONVERSION = YES;
				CLANG_WARN_DEPRECATED_OBJC_IMPLEMENTATIONS = YES;
				CLANG_WARN_DIRECT_OBJC_ISA_USAGE = YES_ERROR;
				CLANG_WARN_DOCUMENTATION_COMMENTS = YES;
				CLANG_WARN_EMPTY_BODY = YES;
				CLANG_WARN_ENUM_CONVERSION = YES;
				CLANG_WARN_INFINITE_RECURSION = YES;
				CLANG_WARN_INT_CONVERSION = YES;
				CLANG_WARN_NON_LITERAL_NULL_CONVERSION = YES;
				CLANG_WARN_OBJC_IMPLICIT_RETAIN_SELF = YES;
				CLANG_WARN_OBJC_LITERAL_CONVERSION = YES;
				CLANG_WARN_OBJC_ROOT_CLASS = YES_ERROR;
				CLANG_WARN_QUOTED_INCLUDE_IN_FRAMEWORK_HEADER = YES;
				CLANG_WARN_RANGE_LOOP_ANALYSIS = YES;
				CLANG_WARN_STRICT_PROTOTYPES = YES;
				CLANG_WARN_SUSPICIOUS_MOVE = YES;
				CLANG_WARN_UNGUARDED_AVAILABILITY = YES_AGGRESSIVE;
				CLANG_WARN_UNREACHABLE_CODE = YES;
				CLANG_WARN__DUPLICATE_METHOD_MATCH = YES;
				COPY_PHASE_STRIP = NO;
				DEBUG_INFORMATION_FORMAT = dwarf;
				ENABLE_STRICT_OBJC_MSGSEND = YES;
				ENABLE_TESTABILITY = YES;
				GCC_C_LANGUAGE_STANDARD = gnu11;
				GCC_DYNAMIC_NO_PIC = NO;
				GCC_NO_COMMON_BLOCKS = YES;
				GCC_OPTIMIZATION_LEVEL = 0;
				GCC_PREPROCESSOR_DEFINITIONS = (
					"DEBUG=1",
					"$(inherited)",
				);
				GCC_WARN_64_TO_32_BIT_CONVERSION = YES;
				GCC_WARN_ABOUT_RETURN_TYPE = YES_ERROR;
				GCC_WARN_UNDECLARED_SELECTOR = YES;
				GCC_WARN_UNINITIALIZED_AUTOS = YES_AGGRESSIVE;
				GCC_WARN_UNUSED_FUNCTION = YES;
				GCC_WARN_UNUSED_VARIABLE = YES;
				IPHONEOS_DEPLOYMENT_TARGET = 16.4;
				MTL_ENABLE_DEBUG_INFO = INCLUDE_SOURCE;
				MTL_FAST_MATH = YES;
				ONLY_ACTIVE_ARCH = YES;
				SDKROOT = iphoneos;
				SWIFT_ACTIVE_COMPILATION_CONDITIONS = DEBUG;
				SWIFT_OPTIMIZATION_LEVEL = "-Onone";
			};
			name = Debug;
		};
		F09763452B345C6800FACECC /* Release */ = {
			isa = XCBuildConfiguration;
			buildSettings = {
				ALWAYS_SEARCH_USER_PATHS = NO;
				CLANG_ANALYZER_NONNULL = YES;
				CLANG_ANALYZER_NUMBER_OBJECT_CONVERSION = YES_AGGRESSIVE;
				CLANG_CXX_LANGUAGE_STANDARD = "gnu++20";
				CLANG_ENABLE_MODULES = YES;
				CLANG_ENABLE_OBJC_ARC = YES;
				CLANG_ENABLE_OBJC_WEAK = YES;
				CLANG_WARN_BLOCK_CAPTURE_AUTORELEASING = YES;
				CLANG_WARN_BOOL_CONVERSION = YES;
				CLANG_WARN_COMMA = YES;
				CLANG_WARN_CONSTANT_CONVERSION = YES;
				CLANG_WARN_DEPRECATED_OBJC_IMPLEMENTATIONS = YES;
				CLANG_WARN_DIRECT_OBJC_ISA_USAGE = YES_ERROR;
				CLANG_WARN_DOCUMENTATION_COMMENTS = YES;
				CLANG_WARN_EMPTY_BODY = YES;
				CLANG_WARN_ENUM_CONVERSION = YES;
				CLANG_WARN_INFINITE_RECURSION = YES;
				CLANG_WARN_INT_CONVERSION = YES;
				CLANG_WARN_NON_LITERAL_NULL_CONVERSION = YES;
				CLANG_WARN_OBJC_IMPLICIT_RETAIN_SELF = YES;
				CLANG_WARN_OBJC_LITERAL_CONVERSION = YES;
				CLANG_WARN_OBJC_ROOT_CLASS = YES_ERROR;
				CLANG_WARN_QUOTED_INCLUDE_IN_FRAMEWORK_HEADER = YES;
				CLANG_WARN_RANGE_LOOP_ANALYSIS = YES;
				CLANG_WARN_STRICT_PROTOTYPES = YES;
				CLANG_WARN_SUSPICIOUS_MOVE = YES;
				CLANG_WARN_UNGUARDED_AVAILABILITY = YES_AGGRESSIVE;
				CLANG_WARN_UNREACHABLE_CODE = YES;
				CLANG_WARN__DUPLICATE_METHOD_MATCH = YES;
				COPY_PHASE_STRIP = NO;
				DEBUG_INFORMATION_FORMAT = "dwarf-with-dsym";
				ENABLE_NS_ASSERTIONS = NO;
				ENABLE_STRICT_OBJC_MSGSEND = YES;
				GCC_C_LANGUAGE_STANDARD = gnu11;
				GCC_NO_COMMON_BLOCKS = YES;
				GCC_WARN_64_TO_32_BIT_CONVERSION = YES;
				GCC_WARN_ABOUT_RETURN_TYPE = YES_ERROR;
				GCC_WARN_UNDECLARED_SELECTOR = YES;
				GCC_WARN_UNINITIALIZED_AUTOS = YES_AGGRESSIVE;
				GCC_WARN_UNUSED_FUNCTION = YES;
				GCC_WARN_UNUSED_VARIABLE = YES;
				IPHONEOS_DEPLOYMENT_TARGET = 16.4;
				MTL_ENABLE_DEBUG_INFO = NO;
				MTL_FAST_MATH = YES;
				SDKROOT = iphoneos;
				SWIFT_COMPILATION_MODE = wholemodule;
				SWIFT_OPTIMIZATION_LEVEL = "-O";
				VALIDATE_PRODUCT = YES;
			};
			name = Release;
		};
		F09763472B345C6800FACECC /* Debug */ = {
			isa = XCBuildConfiguration;
			buildSettings = {
				ASSETCATALOG_COMPILER_APPICON_NAME = AppIcon;
				ASSETCATALOG_COMPILER_GLOBAL_ACCENT_COLOR_NAME = AccentColor;
				CODE_SIGN_STYLE = Automatic;
				CURRENT_PROJECT_VERSION = 1;
				GENERATE_INFOPLIST_FILE = YES;
				INFOPLIST_FILE = Odev6/Info.plist;
				INFOPLIST_KEY_UIApplicationSupportsIndirectInputEvents = YES;
				INFOPLIST_KEY_UILaunchStoryboardName = LaunchScreen;
				INFOPLIST_KEY_UIMainStoryboardFile = Main;
				INFOPLIST_KEY_UISupportedInterfaceOrientations_iPad = "UIInterfaceOrientationPortrait UIInterfaceOrientationPortraitUpsideDown UIInterfaceOrientationLandscapeLeft UIInterfaceOrientationLandscapeRight";
				INFOPLIST_KEY_UISupportedInterfaceOrientations_iPhone = "UIInterfaceOrientationPortrait UIInterfaceOrientationLandscapeLeft UIInterfaceOrientationLandscapeRight";
				LD_RUNPATH_SEARCH_PATHS = (
					"$(inherited)",
					"@executable_path/Frameworks",
				);
				MARKETING_VERSION = 1.0;
				PRODUCT_BUNDLE_IDENTIFIER = com.frknern.Odev6;
				PRODUCT_NAME = "$(TARGET_NAME)";
				SWIFT_EMIT_LOC_STRINGS = YES;
				SWIFT_VERSION = 5.0;
				TARGETED_DEVICE_FAMILY = "1,2";
			};
			name = Debug;
		};
		F09763482B345C6800FACECC /* Release */ = {
			isa = XCBuildConfiguration;
			buildSettings = {
				ASSETCATALOG_COMPILER_APPICON_NAME = AppIcon;
				ASSETCATALOG_COMPILER_GLOBAL_ACCENT_COLOR_NAME = AccentColor;
				CODE_SIGN_STYLE = Automatic;
				CURRENT_PROJECT_VERSION = 1;
				GENERATE_INFOPLIST_FILE = YES;
				INFOPLIST_FILE = Odev6/Info.plist;
				INFOPLIST_KEY_UIApplicationSupportsIndirectInputEvents = YES;
				INFOPLIST_KEY_UILaunchStoryboardName = LaunchScreen;
				INFOPLIST_KEY_UIMainStoryboardFile = Main;
				INFOPLIST_KEY_UISupportedInterfaceOrientations_iPad = "UIInterfaceOrientationPortrait UIInterfaceOrientationPortraitUpsideDown UIInterfaceOrientationLandscapeLeft UIInterfaceOrientationLandscapeRight";
				INFOPLIST_KEY_UISupportedInterfaceOrientations_iPhone = "UIInterfaceOrientationPortrait UIInterfaceOrientationLandscapeLeft UIInterfaceOrientationLandscapeRight";
				LD_RUNPATH_SEARCH_PATHS = (
					"$(inherited)",
					"@executable_path/Frameworks",
				);
				MARKETING_VERSION = 1.0;
				PRODUCT_BUNDLE_IDENTIFIER = com.frknern.Odev6;
				PRODUCT_NAME = "$(TARGET_NAME)";
				SWIFT_EMIT_LOC_STRINGS = YES;
				SWIFT_VERSION = 5.0;
				TARGETED_DEVICE_FAMILY = "1,2";
			};
			name = Release;
		};
/* End XCBuildConfiguration section */

/* Begin XCConfigurationList section */
		F097632D2B345C6600FACECC /* Build configuration list for PBXProject "Odev6" */ = {
			isa = XCConfigurationList;
			buildConfigurations = (
				F09763442B345C6800FACECC /* Debug */,
				F09763452B345C6800FACECC /* Release */,
			);
			defaultConfigurationIsVisible = 0;
			defaultConfigurationName = Release;
		};
		F09763462B345C6800FACECC /* Build configuration list for PBXNativeTarget "Odev6" */ = {
			isa = XCConfigurationList;
			buildConfigurations = (
				F09763472B345C6800FACECC /* Debug */,
				F09763482B345C6800FACECC /* Release */,
			);
			defaultConfigurationIsVisible = 0;
			defaultConfigurationName = Release;
		};
/* End XCConfigurationList section */
	};
	rootObject = F097632A2B345C6600FACECC /* Project object */;
}
